
Microsoft Visual Studio Solution File, Format Version 12.00
# Visual Studio Version 17
VisualStudioVersion = 17.9.34728.123
MinimumVisualStudioVersion = 10.0.40219.1
Project("{FAE04EC0-301F-11D3-BF4B-00C04F79EFBC}") = "HeartbeatMonitoringAlert", "HeartbeatMonitoringAlert\HeartbeatMonitoringAlert.csproj", "{7C5B0AED-9FC6-4086-8BA9-4C2D50BDB5A4}"
EndProject
Global
	GlobalSection(SolutionConfigurationPlatforms) = preSolution
		Debug|Any CPU = Debug|Any CPU
		Release|Any CPU = Release|Any CPU
	EndGlobalSection
	GlobalSection(ProjectConfigurationPlatforms) = postSolution
		{7C5B0AED-9FC6-4086-8BA9-4C2D50BDB5A4}.Debug|Any CPU.ActiveCfg = Debug|Any CPU
		{7C5B0AED-9FC6-4086-8BA9-4C2D50BDB5A4}.Debug|Any CPU.Build.0 = Debug|Any CPU
		{7C5B0AED-9FC6-4086-8BA9-4C2D50BDB5A4}.Release|Any CPU.ActiveCfg = Release|Any CPU
		{7C5B0AED-9FC6-4086-8BA9-4C2D50BDB5A4}.Release|Any CPU.Build.0 = Release|Any CPU
	EndGlobalSection
	GlobalSection(SolutionProperties) = preSolution
		HideSolutionNode = FALSE
	EndGlobalSection
	GlobalSection(ExtensibilityGlobals) = postSolution
		SolutionGuid = {041C21BB-7B4C-4902-B8BF-2697C76259F0}
	EndGlobalSection
EndGlobal
